// !$*UTF8*$!
{
	archiveVersion = 1;
	classes = {
	};
	objectVersion = 56;
	objects = {

/* Begin PBXBuildFile section */
		370CF8572B5EB9BE0059C51D /* MenuBoutons.swift in Sources */ = {isa = PBXBuildFile; fileRef = 370CF8562B5EB9BE0059C51D /* MenuBoutons.swift */; };
		37548F842B62C4D500DA2356 /* FormeSelectionCustom.swift in Sources */ = {isa = PBXBuildFile; fileRef = 37548F832B62C4D500DA2356 /* FormeSelectionCustom.swift */; };
		375CF2132B59D0B7006C9501 /* VueTriangle.swift in Sources */ = {isa = PBXBuildFile; fileRef = 375CF2122B59D0B7006C9501 /* VueTriangle.swift */; };
		375CF2152B59D88B006C9501 /* VueCarre.swift in Sources */ = {isa = PBXBuildFile; fileRef = 375CF2142B59D88B006C9501 /* VueCarre.swift */; };
		375CF2172B59DACD006C9501 /* VueCecle.swift in Sources */ = {isa = PBXBuildFile; fileRef = 375CF2162B59DACD006C9501 /* VueCecle.swift */; };
		375CF2192B59DB69006C9501 /* VueRectangle.swift in Sources */ = {isa = PBXBuildFile; fileRef = 375CF2182B59DB69006C9501 /* VueRectangle.swift */; };
		375CF21B2B59DD43006C9501 /* VueOvale.swift in Sources */ = {isa = PBXBuildFile; fileRef = 375CF21A2B59DD43006C9501 /* VueOvale.swift */; };
		37AE8B552B57089000F976B9 /* Tests_menu_sliderApp.swift in Sources */ = {isa = PBXBuildFile; fileRef = 37AE8B542B57089000F976B9 /* Tests_menu_sliderApp.swift */; };
		37AE8B572B57089000F976B9 /* ContentView.swift in Sources */ = {isa = PBXBuildFile; fileRef = 37AE8B562B57089000F976B9 /* ContentView.swift */; };
		37AE8B592B57089300F976B9 /* Assets.xcassets in Resources */ = {isa = PBXBuildFile; fileRef = 37AE8B582B57089300F976B9 /* Assets.xcassets */; };
		37AE8B5C2B57089300F976B9 /* Preview Assets.xcassets in Resources */ = {isa = PBXBuildFile; fileRef = 37AE8B5B2B57089300F976B9 /* Preview Assets.xcassets */; };
		37AE8B632B570FCD00F976B9 /* MenuSlider.swift in Sources */ = {isa = PBXBuildFile; fileRef = 37AE8B622B570FCD00F976B9 /* MenuSlider.swift */; };
		37D752682B6167B00076E6FD /* VueTriangleBis.swift in Sources */ = {isa = PBXBuildFile; fileRef = 37D752672B6167B00076E6FD /* VueTriangleBis.swift */; };
		37FA0A5C2B59AC1E00BC9BAA /* Ressources.swift in Sources */ = {isa = PBXBuildFile; fileRef = 37FA0A5B2B59AC1E00BC9BAA /* Ressources.swift */; };
/* End PBXBuildFile section */

/* Begin PBXFileReference section */
		370CF8562B5EB9BE0059C51D /* MenuBoutons.swift */ = {isa = PBXFileReference; lastKnownFileType = sourcecode.swift; path = MenuBoutons.swift; sourceTree = "<group>"; };
		37548F832B62C4D500DA2356 /* FormeSelectionCustom.swift */ = {isa = PBXFileReference; lastKnownFileType = sourcecode.swift; path = FormeSelectionCustom.swift; sourceTree = "<group>"; };
		375CF2122B59D0B7006C9501 /* VueTriangle.swift */ = {isa = PBXFileReference; lastKnownFileType = sourcecode.swift; path = VueTriangle.swift; sourceTree = "<group>"; };
		375CF2142B59D88B006C9501 /* VueCarre.swift */ = {isa = PBXFileReference; lastKnownFileType = sourcecode.swift; path = VueCarre.swift; sourceTree = "<group>"; };
		375CF2162B59DACD006C9501 /* VueCecle.swift */ = {isa = PBXFileReference; lastKnownFileType = sourcecode.swift; path = VueCecle.swift; sourceTree = "<group>"; };
		375CF2182B59DB69006C9501 /* VueRectangle.swift */ = {isa = PBXFileReference; lastKnownFileType = sourcecode.swift; path = VueRectangle.swift; sourceTree = "<group>"; };
		375CF21A2B59DD43006C9501 /* VueOvale.swift */ = {isa = PBXFileReference; lastKnownFileType = sourcecode.swift; path = VueOvale.swift; sourceTree = "<group>"; };
		37AE8B512B57089000F976B9 /* Tests menu slider.app */ = {isa = PBXFileReference; explicitFileType = wrapper.application; includeInIndex = 0; path = "Tests menu slider.app"; sourceTree = BUILT_PRODUCTS_DIR; };
		37AE8B542B57089000F976B9 /* Tests_menu_sliderApp.swift */ = {isa = PBXFileReference; lastKnownFileType = sourcecode.swift; path = Tests_menu_sliderApp.swift; sourceTree = "<group>"; };
		37AE8B562B57089000F976B9 /* ContentView.swift */ = {isa = PBXFileReference; lastKnownFileType = sourcecode.swift; path = ContentView.swift; sourceTree = "<group>"; };
		37AE8B582B57089300F976B9 /* Assets.xcassets */ = {isa = PBXFileReference; lastKnownFileType = folder.assetcatalog; path = Assets.xcassets; sourceTree = "<group>"; };
		37AE8B5B2B57089300F976B9 /* Preview Assets.xcassets */ = {isa = PBXFileReference; lastKnownFileType = folder.assetcatalog; path = "Preview Assets.xcassets"; sourceTree = "<group>"; };
		37AE8B622B570FCD00F976B9 /* MenuSlider.swift */ = {isa = PBXFileReference; lastKnownFileType = sourcecode.swift; path = MenuSlider.swift; sourceTree = "<group>"; };
		37D752672B6167B00076E6FD /* VueTriangleBis.swift */ = {isa = PBXFileReference; lastKnownFileType = sourcecode.swift; path = VueTriangleBis.swift; sourceTree = "<group>"; };
		37FA0A5B2B59AC1E00BC9BAA /* Ressources.swift */ = {isa = PBXFileReference; lastKnownFileType = sourcecode.swift; path = Ressources.swift; sourceTree = "<group>"; };
/* End PBXFileReference section */

/* Begin PBXFrameworksBuildPhase section */
		37AE8B4E2B57089000F976B9 /* Frameworks */ = {
			isa = PBXFrameworksBuildPhase;
			buildActionMask = 2147483647;
			files = (
			);
			runOnlyForDeploymentPostprocessing = 0;
		};
/* End PBXFrameworksBuildPhase section */

/* Begin PBXGroup section */
		37AE8B482B57089000F976B9 = {
			isa = PBXGroup;
			children = (
				37AE8B532B57089000F976B9 /* Tests menu slider */,
				37AE8B522B57089000F976B9 /* Products */,
			);
			sourceTree = "<group>";
		};
		37AE8B522B57089000F976B9 /* Products */ = {
			isa = PBXGroup;
			children = (
				37AE8B512B57089000F976B9 /* Tests menu slider.app */,
			);
			name = Products;
			sourceTree = "<group>";
		};
		37AE8B532B57089000F976B9 /* Tests menu slider */ = {
			isa = PBXGroup;
			children = (
				37AE8B542B57089000F976B9 /* Tests_menu_sliderApp.swift */,
				37FA0A5A2B59ABDB00BC9BAA /* Ressources */,
				37CE36CA2B59CBF90021E3C8 /* View */,
				37AE8B582B57089300F976B9 /* Assets.xcassets */,
				37AE8B5A2B57089300F976B9 /* Preview Content */,
			);
			path = "Tests menu slider";
			sourceTree = "<group>";
		};
		37AE8B5A2B57089300F976B9 /* Preview Content */ = {
			isa = PBXGroup;
			children = (
				37AE8B5B2B57089300F976B9 /* Preview Assets.xcassets */,
			);
			path = "Preview Content";
			sourceTree = "<group>";
		};
		37CE36CA2B59CBF90021E3C8 /* View */ = {
			isa = PBXGroup;
			children = (
				37AE8B562B57089000F976B9 /* ContentView.swift */,
				37548F832B62C4D500DA2356 /* FormeSelectionCustom.swift */,
				370CF8562B5EB9BE0059C51D /* MenuBoutons.swift */,
				37AE8B622B570FCD00F976B9 /* MenuSlider.swift */,
				375CF2122B59D0B7006C9501 /* VueTriangle.swift */,
				37D752672B6167B00076E6FD /* VueTriangleBis.swift */,
				375CF2142B59D88B006C9501 /* VueCarre.swift */,
				375CF2162B59DACD006C9501 /* VueCecle.swift */,
				375CF2182B59DB69006C9501 /* VueRectangle.swift */,
				375CF21A2B59DD43006C9501 /* VueOvale.swift */,
			);
			path = View;
			sourceTree = "<group>";
		};
		37FA0A5A2B59ABDB00BC9BAA /* Ressources */ = {
			isa = PBXGroup;
			children = (
				37FA0A5B2B59AC1E00BC9BAA /* Ressources.swift */,
			);
			path = Ressources;
			sourceTree = "<group>";
		};
/* End PBXGroup section */

/* Begin PBXNativeTarget section */
		37AE8B502B57089000F976B9 /* Tests menu slider */ = {
			isa = PBXNativeTarget;
			buildConfigurationList = 37AE8B5F2B57089300F976B9 /* Build configuration list for PBXNativeTarget "Tests menu slider" */;
			buildPhases = (
				37AE8B4D2B57089000F976B9 /* Sources */,
				37AE8B4E2B57089000F976B9 /* Frameworks */,
				37AE8B4F2B57089000F976B9 /* Resources */,
			);
			buildRules = (
			);
			dependencies = (
			);
			name = "Tests menu slider";
			productName = "Tests menu slider";
			productReference = 37AE8B512B57089000F976B9 /* Tests menu slider.app */;
			productType = "com.apple.product-type.application";
		};
/* End PBXNativeTarget section */

/* Begin PBXProject section */
		37AE8B492B57089000F976B9 /* Project object */ = {
			isa = PBXProject;
			attributes = {
				BuildIndependentTargetsInParallel = 1;
				LastSwiftUpdateCheck = 1500;
				LastUpgradeCheck = 1500;
				TargetAttributes = {
					37AE8B502B57089000F976B9 = {
						CreatedOnToolsVersion = 15.0.1;
					};
				};
			};
			buildConfigurationList = 37AE8B4C2B57089000F976B9 /* Build configuration list for PBXProject "Tests menu slider" */;
			compatibilityVersion = "Xcode 14.0";
			developmentRegion = en;
			hasScannedForEncodings = 0;
			knownRegions = (
				en,
				Base,
			);
			mainGroup = 37AE8B482B57089000F976B9;
			productRefGroup = 37AE8B522B57089000F976B9 /* Products */;
			projectDirPath = "";
			projectRoot = "";
			targets = (
				37AE8B502B57089000F976B9 /* Tests menu slider */,
			);
		};
/* End PBXProject section */

/* Begin PBXResourcesBuildPhase section */
		37AE8B4F2B57089000F976B9 /* Resources */ = {
			isa = PBXResourcesBuildPhase;
			buildActionMask = 2147483647;
			files = (
				37AE8B5C2B57089300F976B9 /* Preview Assets.xcassets in Resources */,
				37AE8B592B57089300F976B9 /* Assets.xcassets in Resources */,
			);
			runOnlyForDeploymentPostprocessing = 0;
		};
/* End PBXResourcesBuildPhase section */

/* Begin PBXSourcesBuildPhase section */
		37AE8B4D2B57089000F976B9 /* Sources */ = {
			isa = PBXSourcesBuildPhase;
			buildActionMask = 2147483647;
			files = (
				375CF2132B59D0B7006C9501 /* VueTriangle.swift in Sources */,
				370CF8572B5EB9BE0059C51D /* MenuBoutons.swift in Sources */,
				37D752682B6167B00076E6FD /* VueTriangleBis.swift in Sources */,
				37AE8B572B57089000F976B9 /* ContentView.swift in Sources */,
				37548F842B62C4D500DA2356 /* FormeSelectionCustom.swift in Sources */,
				37AE8B632B570FCD00F976B9 /* MenuSlider.swift in Sources */,
				375CF2192B59DB69006C9501 /* VueRectangle.swift in Sources */,
				37FA0A5C2B59AC1E00BC9BAA /* Ressources.swift in Sources */,
				375CF2172B59DACD006C9501 /* VueCecle.swift in Sources */,
				37AE8B552B57089000F976B9 /* Tests_menu_sliderApp.swift in Sources */,
				375CF21B2B59DD43006C9501 /* VueOvale.swift in Sources */,
				375CF2152B59D88B006C9501 /* VueCarre.swift in Sources */,
			);
			runOnlyForDeploymentPostprocessing = 0;
		};
/* End PBXSourcesBuildPhase section */

/* Begin XCBuildConfiguration section */
		37AE8B5D2B57089300F976B9 /* Debug */ = {
			isa = XCBuildConfiguration;
			buildSettings = {
				ALWAYS_SEARCH_USER_PATHS = NO;
				ASSETCATALOG_COMPILER_GENERATE_SWIFT_ASSET_SYMBOL_EXTENSIONS = YES;
				CLANG_ANALYZER_NONNULL = YES;
				CLANG_ANALYZER_NUMBER_OBJECT_CONVERSION = YES_AGGRESSIVE;
				CLANG_CXX_LANGUAGE_STANDARD = "gnu++20";
				CLANG_ENABLE_MODULES = YES;
				CLANG_ENABLE_OBJC_ARC = YES;
				CLANG_ENABLE_OBJC_WEAK = YES;
				CLANG_WARN_BLOCK_CAPTURE_AUTORELEASING = YES;
				CLANG_WARN_BOOL_CONVERSION = YES;
				CLANG_WARN_COMMA = YES;
				CLANG_WARN_CONSTANT_CONVERSION = YES;
				CLANG_WARN_DEPRECATED_OBJC_IMPLEMENTATIONS = YES;
				CLANG_WARN_DIRECT_OBJC_ISA_USAGE = YES_ERROR;
				CLANG_WARN_DOCUMENTATION_COMMENTS = YES;
				CLANG_WARN_EMPTY_BODY = YES;
				CLANG_WARN_ENUM_CONVERSION = YES;
				CLANG_WARN_INFINITE_RECURSION = YES;
				CLANG_WARN_INT_CONVERSION = YES;
				CLANG_WARN_NON_LITERAL_NULL_CONVERSION = YES;
				CLANG_WARN_OBJC_IMPLICIT_RETAIN_SELF = YES;
				CLANG_WARN_OBJC_LITERAL_CONVERSION = YES;
				CLANG_WARN_OBJC_ROOT_CLASS = YES_ERROR;
				CLANG_WARN_QUOTED_INCLUDE_IN_FRAMEWORK_HEADER = YES;
				CLANG_WARN_RANGE_LOOP_ANALYSIS = YES;
				CLANG_WARN_STRICT_PROTOTYPES = YES;
				CLANG_WARN_SUSPICIOUS_MOVE = YES;
				CLANG_WARN_UNGUARDED_AVAILABILITY = YES_AGGRESSIVE;
				CLANG_WARN_UNREACHABLE_CODE = YES;
				CLANG_WARN__DUPLICATE_METHOD_MATCH = YES;
				COPY_PHASE_STRIP = NO;
				DEBUG_INFORMATION_FORMAT = dwarf;
				ENABLE_STRICT_OBJC_MSGSEND = YES;
				ENABLE_TESTABILITY = YES;
				ENABLE_USER_SCRIPT_SANDBOXING = YES;
				GCC_C_LANGUAGE_STANDARD = gnu17;
				GCC_DYNAMIC_NO_PIC = NO;
				GCC_NO_COMMON_BLOCKS = YES;
				GCC_OPTIMIZATION_LEVEL = 0;
				GCC_PREPROCESSOR_DEFINITIONS = (
					"DEBUG=1",
					"$(inherited)",
				);
				GCC_WARN_64_TO_32_BIT_CONVERSION = YES;
				GCC_WARN_ABOUT_RETURN_TYPE = YES_ERROR;
				GCC_WARN_UNDECLARED_SELECTOR = YES;
				GCC_WARN_UNINITIALIZED_AUTOS = YES_AGGRESSIVE;
				GCC_WARN_UNUSED_FUNCTION = YES;
				GCC_WARN_UNUSED_VARIABLE = YES;
				IPHONEOS_DEPLOYMENT_TARGET = 17.0;
				LOCALIZATION_PREFERS_STRING_CATALOGS = YES;
				MTL_ENABLE_DEBUG_INFO = INCLUDE_SOURCE;
				MTL_FAST_MATH = YES;
				ONLY_ACTIVE_ARCH = YES;
				SDKROOT = iphoneos;
				SWIFT_ACTIVE_COMPILATION_CONDITIONS = "DEBUG $(inherited)";
				SWIFT_OPTIMIZATION_LEVEL = "-Onone";
			};
			name = Debug;
		};
		37AE8B5E2B57089300F976B9 /* Release */ = {
			isa = XCBuildConfiguration;
			buildSettings = {
				ALWAYS_SEARCH_USER_PATHS = NO;
				ASSETCATALOG_COMPILER_GENERATE_SWIFT_ASSET_SYMBOL_EXTENSIONS = YES;
				CLANG_ANALYZER_NONNULL = YES;
				CLANG_ANALYZER_NUMBER_OBJECT_CONVERSION = YES_AGGRESSIVE;
				CLANG_CXX_LANGUAGE_STANDARD = "gnu++20";
				CLANG_ENABLE_MODULES = YES;
				CLANG_ENABLE_OBJC_ARC = YES;
				CLANG_ENABLE_OBJC_WEAK = YES;
				CLANG_WARN_BLOCK_CAPTURE_AUTORELEASING = YES;
				CLANG_WARN_BOOL_CONVERSION = YES;
				CLANG_WARN_COMMA = YES;
				CLANG_WARN_CONSTANT_CONVERSION = YES;
				CLANG_WARN_DEPRECATED_OBJC_IMPLEMENTATIONS = YES;
				CLANG_WARN_DIRECT_OBJC_ISA_USAGE = YES_ERROR;
				CLANG_WARN_DOCUMENTATION_COMMENTS = YES;
				CLANG_WARN_EMPTY_BODY = YES;
				CLANG_WARN_ENUM_CONVERSION = YES;
				CLANG_WARN_INFINITE_RECURSION = YES;
				CLANG_WARN_INT_CONVERSION = YES;
				CLANG_WARN_NON_LITERAL_NULL_CONVERSION = YES;
				CLANG_WARN_OBJC_IMPLICIT_RETAIN_SELF = YES;
				CLANG_WARN_OBJC_LITERAL_CONVERSION = YES;
				CLANG_WARN_OBJC_ROOT_CLASS = YES_ERROR;
				CLANG_WARN_QUOTED_INCLUDE_IN_FRAMEWORK_HEADER = YES;
				CLANG_WARN_RANGE_LOOP_ANALYSIS = YES;
				CLANG_WARN_STRICT_PROTOTYPES = YES;
				CLANG_WARN_SUSPICIOUS_MOVE = YES;
				CLANG_WARN_UNGUARDED_AVAILABILITY = YES_AGGRESSIVE;
				CLANG_WARN_UNREACHABLE_CODE = YES;
				CLANG_WARN__DUPLICATE_METHOD_MATCH = YES;
				COPY_PHASE_STRIP = NO;
				DEBUG_INFORMATION_FORMAT = "dwarf-with-dsym";
				ENABLE_NS_ASSERTIONS = NO;
				ENABLE_STRICT_OBJC_MSGSEND = YES;
				ENABLE_USER_SCRIPT_SANDBOXING = YES;
				GCC_C_LANGUAGE_STANDARD = gnu17;
				GCC_NO_COMMON_BLOCKS = YES;
				GCC_WARN_64_TO_32_BIT_CONVERSION = YES;
				GCC_WARN_ABOUT_RETURN_TYPE = YES_ERROR;
				GCC_WARN_UNDECLARED_SELECTOR = YES;
				GCC_WARN_UNINITIALIZED_AUTOS = YES_AGGRESSIVE;
				GCC_WARN_UNUSED_FUNCTION = YES;
				GCC_WARN_UNUSED_VARIABLE = YES;
				IPHONEOS_DEPLOYMENT_TARGET = 17.0;
				LOCALIZATION_PREFERS_STRING_CATALOGS = YES;
				MTL_ENABLE_DEBUG_INFO = NO;
				MTL_FAST_MATH = YES;
				SDKROOT = iphoneos;
				SWIFT_COMPILATION_MODE = wholemodule;
				VALIDATE_PRODUCT = YES;
			};
			name = Release;
		};
		37AE8B602B57089300F976B9 /* Debug */ = {
			isa = XCBuildConfiguration;
			buildSettings = {
				ASSETCATALOG_COMPILER_APPICON_NAME = AppIcon;
				ASSETCATALOG_COMPILER_GLOBAL_ACCENT_COLOR_NAME = AccentColor;
				CODE_SIGN_STYLE = Automatic;
				CURRENT_PROJECT_VERSION = 1;
				DEVELOPMENT_ASSET_PATHS = "\"Tests menu slider/Preview Content\"";
				DEVELOPMENT_TEAM = UGQ4YS2NK3;
				ENABLE_PREVIEWS = YES;
				GENERATE_INFOPLIST_FILE = YES;
				INFOPLIST_KEY_UIApplicationSceneManifest_Generation = YES;
				INFOPLIST_KEY_UIApplicationSupportsIndirectInputEvents = YES;
				INFOPLIST_KEY_UILaunchScreen_Generation = YES;
				INFOPLIST_KEY_UISupportedInterfaceOrientations_iPad = "UIInterfaceOrientationPortrait UIInterfaceOrientationPortraitUpsideDown UIInterfaceOrientationLandscapeLeft UIInterfaceOrientationLandscapeRight";
				INFOPLIST_KEY_UISupportedInterfaceOrientations_iPhone = "UIInterfaceOrientationPortrait UIInterfaceOrientationLandscapeLeft UIInterfaceOrientationLandscapeRight";
				LD_RUNPATH_SEARCH_PATHS = (
					"$(inherited)",
					"@executable_path/Frameworks",
				);
				MARKETING_VERSION = 1.0;
				PRODUCT_BUNDLE_IDENTIFIER = "com.titastus.Tests-menu-slider";
				PRODUCT_NAME = "$(TARGET_NAME)";
				SWIFT_EMIT_LOC_STRINGS = YES;
				SWIFT_VERSION = 5.0;
				TARGETED_DEVICE_FAMILY = "1,2";
			};
			name = Debug;
		};
		37AE8B612B57089300F976B9 /* Release */ = {
			isa = XCBuildConfiguration;
			buildSettings = {
				ASSETCATALOG_COMPILER_APPICON_NAME = AppIcon;
				ASSETCATALOG_COMPILER_GLOBAL_ACCENT_COLOR_NAME = AccentColor;
				CODE_SIGN_STYLE = Automatic;
				CURRENT_PROJECT_VERSION = 1;
				DEVELOPMENT_ASSET_PATHS = "\"Tests menu slider/Preview Content\"";
				DEVELOPMENT_TEAM = UGQ4YS2NK3;
				ENABLE_PREVIEWS = YES;
				GENERATE_INFOPLIST_FILE = YES;
				INFOPLIST_KEY_UIApplicationSceneManifest_Generation = YES;
				INFOPLIST_KEY_UIApplicationSupportsIndirectInputEvents = YES;
				INFOPLIST_KEY_UILaunchScreen_Generation = YES;
				INFOPLIST_KEY_UISupportedInterfaceOrientations_iPad = "UIInterfaceOrientationPortrait UIInterfaceOrientationPortraitUpsideDown UIInterfaceOrientationLandscapeLeft UIInterfaceOrientationLandscapeRight";
				INFOPLIST_KEY_UISupportedInterfaceOrientations_iPhone = "UIInterfaceOrientationPortrait UIInterfaceOrientationLandscapeLeft UIInterfaceOrientationLandscapeRight";
				LD_RUNPATH_SEARCH_PATHS = (
					"$(inherited)",
					"@executable_path/Frameworks",
				);
				MARKETING_VERSION = 1.0;
				PRODUCT_BUNDLE_IDENTIFIER = "com.titastus.Tests-menu-slider";
				PRODUCT_NAME = "$(TARGET_NAME)";
				SWIFT_EMIT_LOC_STRINGS = YES;
				SWIFT_VERSION = 5.0;
				TARGETED_DEVICE_FAMILY = "1,2";
			};
			name = Release;
		};
/* End XCBuildConfiguration section */

/* Begin XCConfigurationList section */
		37AE8B4C2B57089000F976B9 /* Build configuration list for PBXProject "Tests menu slider" */ = {
			isa = XCConfigurationList;
			buildConfigurations = (
				37AE8B5D2B57089300F976B9 /* Debug */,
				37AE8B5E2B57089300F976B9 /* Release */,
			);
			defaultConfigurationIsVisible = 0;
			defaultConfigurationName = Release;
		};
		37AE8B5F2B57089300F976B9 /* Build configuration list for PBXNativeTarget "Tests menu slider" */ = {
			isa = XCConfigurationList;
			buildConfigurations = (
				37AE8B602B57089300F976B9 /* Debug */,
				37AE8B612B57089300F976B9 /* Release */,
			);
			defaultConfigurationIsVisible = 0;
			defaultConfigurationName = Release;
		};
/* End XCConfigurationList section */
	};
	rootObject = 37AE8B492B57089000F976B9 /* Project object */;
}
